
Microsoft Visual Studio Solution File, Format Version 12.00
# Visual Studio Version 17
VisualStudioVersion = 17.5.33424.131
MinimumVisualStudioVersion = 10.0.40219.1
Project("{8BC9CEB8-8B4A-11D0-8D11-00A0C91BC942}") = "1강", "1강\1강.vcxproj", "{0F7FDD70-A311-4E69-A190-594B3853E4BF}"
EndProject
Project("{8BC9CEB8-8B4A-11D0-8D11-00A0C91BC942}") = "2강", "2강\2강.vcxproj", "{DEB07411-9BB1-414D-A562-FE85FC3E727F}"
EndProject
Project("{8BC9CEB8-8B4A-11D0-8D11-00A0C91BC942}") = "3강", "3강\3강.vcxproj", "{64716CC5-4512-43B2-BC14-FCC02C2C2AEE}"
EndProject
Global
	GlobalSection(SolutionConfigurationPlatforms) = preSolution
		Debug|x64 = Debug|x64
		Debug|x86 = Debug|x86
		Release|x64 = Release|x64
		Release|x86 = Release|x86
	EndGlobalSection
	GlobalSection(ProjectConfigurationPlatforms) = postSolution
		{0F7FDD70-A311-4E69-A190-594B3853E4BF}.Debug|x64.ActiveCfg = Debug|x64
		{0F7FDD70-A311-4E69-A190-594B3853E4BF}.Debug|x64.Build.0 = Debug|x64
		{0F7FDD70-A311-4E69-A190-594B3853E4BF}.Debug|x86.ActiveCfg = Debug|Win32
		{0F7FDD70-A311-4E69-A190-594B3853E4BF}.Debug|x86.Build.0 = Debug|Win32
		{0F7FDD70-A311-4E69-A190-594B3853E4BF}.Release|x64.ActiveCfg = Release|x64
		{0F7FDD70-A311-4E69-A190-594B3853E4BF}.Release|x64.Build.0 = Release|x64
		{0F7FDD70-A311-4E69-A190-594B3853E4BF}.Release|x86.ActiveCfg = Release|Win32
		{0F7FDD70-A311-4E69-A190-594B3853E4BF}.Release|x86.Build.0 = Release|Win32
		{DEB07411-9BB1-414D-A562-FE85FC3E727F}.Debug|x64.ActiveCfg = Debug|x64
		{DEB07411-9BB1-414D-A562-FE85FC3E727F}.Debug|x64.Build.0 = Debug|x64
		{DEB07411-9BB1-414D-A562-FE85FC3E727F}.Debug|x86.ActiveCfg = Debug|Win32
		{DEB07411-9BB1-414D-A562-FE85FC3E727F}.Debug|x86.Build.0 = Debug|Win32
		{DEB07411-9BB1-414D-A562-FE85FC3E727F}.Release|x64.ActiveCfg = Release|x64
		{DEB07411-9BB1-414D-A562-FE85FC3E727F}.Release|x64.Build.0 = Release|x64
		{DEB07411-9BB1-414D-A562-FE85FC3E727F}.Release|x86.ActiveCfg = Release|Win32
		{DEB07411-9BB1-414D-A562-FE85FC3E727F}.Release|x86.Build.0 = Release|Win32
		{64716CC5-4512-43B2-BC14-FCC02C2C2AEE}.Debug|x64.ActiveCfg = Debug|x64
		{64716CC5-4512-43B2-BC14-FCC02C2C2AEE}.Debug|x64.Build.0 = Debug|x64
		{64716CC5-4512-43B2-BC14-FCC02C2C2AEE}.Debug|x86.ActiveCfg = Debug|Win32
		{64716CC5-4512-43B2-BC14-FCC02C2C2AEE}.Debug|x86.Build.0 = Debug|Win32
		{64716CC5-4512-43B2-BC14-FCC02C2C2AEE}.Release|x64.ActiveCfg = Release|x64
		{64716CC5-4512-43B2-BC14-FCC02C2C2AEE}.Release|x64.Build.0 = Release|x64
		{64716CC5-4512-43B2-BC14-FCC02C2C2AEE}.Release|x86.ActiveCfg = Release|Win32
		{64716CC5-4512-43B2-BC14-FCC02C2C2AEE}.Release|x86.Build.0 = Release|Win32
	EndGlobalSection
	GlobalSection(SolutionProperties) = preSolution
		HideSolutionNode = FALSE
	EndGlobalSection
	GlobalSection(ExtensibilityGlobals) = postSolution
		SolutionGuid = {43C3C92F-5A61-4079-9090-E7C6098BE579}
	EndGlobalSection
EndGlobal
