
Microsoft Visual Studio Solution File, Format Version 12.00
# Visual Studio Version 16
VisualStudioVersion = 16.0.33214.272
MinimumVisualStudioVersion = 10.0.40219.1
Project("{8BC9CEB8-8B4A-11D0-8D11-00A0C91BC942}") = "1강", "1강\1강.vcxproj", "{C76F7D01-870A-49C9-91A2-B04009AE73D2}"
EndProject
Project("{8BC9CEB8-8B4A-11D0-8D11-00A0C91BC942}") = "2강", "2강\2강.vcxproj", "{1896EC9C-8611-483A-AB4D-EDB9D55A25CD}"
EndProject
Project("{8BC9CEB8-8B4A-11D0-8D11-00A0C91BC942}") = "3강", "3강\3강.vcxproj", "{5C5896CE-976A-46AA-8BFD-6AF925F3544A}"
EndProject
Global
	GlobalSection(SolutionConfigurationPlatforms) = preSolution
		Debug|x64 = Debug|x64
		Debug|x86 = Debug|x86
		Release|x64 = Release|x64
		Release|x86 = Release|x86
	EndGlobalSection
	GlobalSection(ProjectConfigurationPlatforms) = postSolution
		{C76F7D01-870A-49C9-91A2-B04009AE73D2}.Debug|x64.ActiveCfg = Debug|x64
		{C76F7D01-870A-49C9-91A2-B04009AE73D2}.Debug|x64.Build.0 = Debug|x64
		{C76F7D01-870A-49C9-91A2-B04009AE73D2}.Debug|x86.ActiveCfg = Debug|Win32
		{C76F7D01-870A-49C9-91A2-B04009AE73D2}.Debug|x86.Build.0 = Debug|Win32
		{C76F7D01-870A-49C9-91A2-B04009AE73D2}.Release|x64.ActiveCfg = Release|x64
		{C76F7D01-870A-49C9-91A2-B04009AE73D2}.Release|x64.Build.0 = Release|x64
		{C76F7D01-870A-49C9-91A2-B04009AE73D2}.Release|x86.ActiveCfg = Release|Win32
		{C76F7D01-870A-49C9-91A2-B04009AE73D2}.Release|x86.Build.0 = Release|Win32
		{1896EC9C-8611-483A-AB4D-EDB9D55A25CD}.Debug|x64.ActiveCfg = Debug|x64
		{1896EC9C-8611-483A-AB4D-EDB9D55A25CD}.Debug|x64.Build.0 = Debug|x64
		{1896EC9C-8611-483A-AB4D-EDB9D55A25CD}.Debug|x86.ActiveCfg = Debug|Win32
		{1896EC9C-8611-483A-AB4D-EDB9D55A25CD}.Debug|x86.Build.0 = Debug|Win32
		{1896EC9C-8611-483A-AB4D-EDB9D55A25CD}.Release|x64.ActiveCfg = Release|x64
		{1896EC9C-8611-483A-AB4D-EDB9D55A25CD}.Release|x64.Build.0 = Release|x64
		{1896EC9C-8611-483A-AB4D-EDB9D55A25CD}.Release|x86.ActiveCfg = Release|Win32
		{1896EC9C-8611-483A-AB4D-EDB9D55A25CD}.Release|x86.Build.0 = Release|Win32
		{5C5896CE-976A-46AA-8BFD-6AF925F3544A}.Debug|x64.ActiveCfg = Debug|x64
		{5C5896CE-976A-46AA-8BFD-6AF925F3544A}.Debug|x64.Build.0 = Debug|x64
		{5C5896CE-976A-46AA-8BFD-6AF925F3544A}.Debug|x86.ActiveCfg = Debug|Win32
		{5C5896CE-976A-46AA-8BFD-6AF925F3544A}.Debug|x86.Build.0 = Debug|Win32
		{5C5896CE-976A-46AA-8BFD-6AF925F3544A}.Release|x64.ActiveCfg = Release|x64
		{5C5896CE-976A-46AA-8BFD-6AF925F3544A}.Release|x64.Build.0 = Release|x64
		{5C5896CE-976A-46AA-8BFD-6AF925F3544A}.Release|x86.ActiveCfg = Release|Win32
		{5C5896CE-976A-46AA-8BFD-6AF925F3544A}.Release|x86.Build.0 = Release|Win32
	EndGlobalSection
	GlobalSection(SolutionProperties) = preSolution
		HideSolutionNode = FALSE
	EndGlobalSection
	GlobalSection(ExtensibilityGlobals) = postSolution
		SolutionGuid = {38633847-5AB8-4896-8349-0FBB7F001710}
	EndGlobalSection
EndGlobal
